
Microsoft Visual Studio Solution File, Format Version 12.00
# Visual Studio Version 16
VisualStudioVersion = 16.0.33927.289
MinimumVisualStudioVersion = 10.0.40219.1
Project("{FAE04EC0-301F-11D3-BF4B-00C04F79EFBC}") = "LPR381ProjectFinal", "LPR381ProjectFinal.csproj", "{B7749E9A-3E1F-4DD9-8325-C1CE335462D0}"
EndProject
Global
	GlobalSection(SolutionConfigurationPlatforms) = preSolution
		Debug|Any CPU = Debug|Any CPU
		Release|Any CPU = Release|Any CPU
	EndGlobalSection
	GlobalSection(ProjectConfigurationPlatforms) = postSolution
		{B7749E9A-3E1F-4DD9-8325-C1CE335462D0}.Debug|Any CPU.ActiveCfg = Debug|Any CPU
		{B7749E9A-3E1F-4DD9-8325-C1CE335462D0}.Debug|Any CPU.Build.0 = Debug|Any CPU
		{B7749E9A-3E1F-4DD9-8325-C1CE335462D0}.Release|Any CPU.ActiveCfg = Release|Any CPU
		{B7749E9A-3E1F-4DD9-8325-C1CE335462D0}.Release|Any CPU.Build.0 = Release|Any CPU
	EndGlobalSection
	GlobalSection(SolutionProperties) = preSolution
		HideSolutionNode = FALSE
	EndGlobalSection
	GlobalSection(ExtensibilityGlobals) = postSolution
		SolutionGuid = {4E7E6244-D081-458A-A4EF-A9265899942A}
	EndGlobalSection
EndGlobal
